
Microsoft Visual Studio Solution File, Format Version 12.00
# Visual Studio Version 16
VisualStudioVersion = 16.0.32413.511
MinimumVisualStudioVersion = 10.0.40219.1
Project("{FAE04EC0-301F-11D3-BF4B-00C04F79EFBC}") = "StringsAndIntegersAssign", "StringsAndIntegersAssign.csproj", "{95066403-C8DF-45BC-9E6D-9BB37640F816}"
EndProject
Global
	GlobalSection(SolutionConfigurationPlatforms) = preSolution
		Debug|Any CPU = Debug|Any CPU
		Release|Any CPU = Release|Any CPU
	EndGlobalSection
	GlobalSection(ProjectConfigurationPlatforms) = postSolution
		{95066403-C8DF-45BC-9E6D-9BB37640F816}.Debug|Any CPU.ActiveCfg = Debug|Any CPU
		{95066403-C8DF-45BC-9E6D-9BB37640F816}.Debug|Any CPU.Build.0 = Debug|Any CPU
		{95066403-C8DF-45BC-9E6D-9BB37640F816}.Release|Any CPU.ActiveCfg = Release|Any CPU
		{95066403-C8DF-45BC-9E6D-9BB37640F816}.Release|Any CPU.Build.0 = Release|Any CPU
	EndGlobalSection
	GlobalSection(SolutionProperties) = preSolution
		HideSolutionNode = FALSE
	EndGlobalSection
	GlobalSection(ExtensibilityGlobals) = postSolution
		SolutionGuid = {6589E01E-8C4B-4216-8D30-B5DCFCAE57BE}
	EndGlobalSection
EndGlobal
