
Microsoft Visual Studio Solution File, Format Version 12.00
# Visual Studio Version 16
VisualStudioVersion = 16.0.32413.511
MinimumVisualStudioVersion = 10.0.40219.1
Project("{FAE04EC0-301F-11D3-BF4B-00C04F79EFBC}") = "WebApplication2", "WebApplication2.csproj", "{02EA8400-B4B9-4E5C-9468-D4C9032828C0}"
EndProject
Global
	GlobalSection(SolutionConfigurationPlatforms) = preSolution
		Debug|Any CPU = Debug|Any CPU
		Release|Any CPU = Release|Any CPU
	EndGlobalSection
	GlobalSection(ProjectConfigurationPlatforms) = postSolution
		{02EA8400-B4B9-4E5C-9468-D4C9032828C0}.Debug|Any CPU.ActiveCfg = Debug|Any CPU
		{02EA8400-B4B9-4E5C-9468-D4C9032828C0}.Debug|Any CPU.Build.0 = Debug|Any CPU
		{02EA8400-B4B9-4E5C-9468-D4C9032828C0}.Release|Any CPU.ActiveCfg = Release|Any CPU
		{02EA8400-B4B9-4E5C-9468-D4C9032828C0}.Release|Any CPU.Build.0 = Release|Any CPU
	EndGlobalSection
	GlobalSection(SolutionProperties) = preSolution
		HideSolutionNode = FALSE
	EndGlobalSection
	GlobalSection(ExtensibilityGlobals) = postSolution
		SolutionGuid = {C6E798CA-6182-4FD7-8C07-94DEA76ED38D}
	EndGlobalSection
EndGlobal
