
Microsoft Visual Studio Solution File, Format Version 12.00
# Visual Studio Version 16
VisualStudioVersion = 16.0.32413.511
MinimumVisualStudioVersion = 10.0.40219.1
Project("{FAE04EC0-301F-11D3-BF4B-00C04F79EFBC}") = "VariablesAndDataTypes", "VariablesAndDataTypes.csproj", "{2EE8C864-7DDA-41E8-B3CB-F1D2F2997DBD}"
EndProject
Global
	GlobalSection(SolutionConfigurationPlatforms) = preSolution
		Debug|Any CPU = Debug|Any CPU
		Release|Any CPU = Release|Any CPU
	EndGlobalSection
	GlobalSection(ProjectConfigurationPlatforms) = postSolution
		{2EE8C864-7DDA-41E8-B3CB-F1D2F2997DBD}.Debug|Any CPU.ActiveCfg = Debug|Any CPU
		{2EE8C864-7DDA-41E8-B3CB-F1D2F2997DBD}.Debug|Any CPU.Build.0 = Debug|Any CPU
		{2EE8C864-7DDA-41E8-B3CB-F1D2F2997DBD}.Release|Any CPU.ActiveCfg = Release|Any CPU
		{2EE8C864-7DDA-41E8-B3CB-F1D2F2997DBD}.Release|Any CPU.Build.0 = Release|Any CPU
	EndGlobalSection
	GlobalSection(SolutionProperties) = preSolution
		HideSolutionNode = FALSE
	EndGlobalSection
	GlobalSection(ExtensibilityGlobals) = postSolution
		SolutionGuid = {1DD9FEFC-149E-4BF4-AE60-D6EB4E18B7C3}
	EndGlobalSection
EndGlobal
