
Microsoft Visual Studio Solution File, Format Version 12.00
# Visual Studio Version 16
VisualStudioVersion = 16.0.32413.511
MinimumVisualStudioVersion = 10.0.40219.1
Project("{FAE04EC0-301F-11D3-BF4B-00C04F79EFBC}") = "LambdaSubmission", "LambdaSubmission.csproj", "{3186AA83-25B7-4D90-AD05-B0F4F8492EDD}"
EndProject
Global
	GlobalSection(SolutionConfigurationPlatforms) = preSolution
		Debug|Any CPU = Debug|Any CPU
		Release|Any CPU = Release|Any CPU
	EndGlobalSection
	GlobalSection(ProjectConfigurationPlatforms) = postSolution
		{3186AA83-25B7-4D90-AD05-B0F4F8492EDD}.Debug|Any CPU.ActiveCfg = Debug|Any CPU
		{3186AA83-25B7-4D90-AD05-B0F4F8492EDD}.Debug|Any CPU.Build.0 = Debug|Any CPU
		{3186AA83-25B7-4D90-AD05-B0F4F8492EDD}.Release|Any CPU.ActiveCfg = Release|Any CPU
		{3186AA83-25B7-4D90-AD05-B0F4F8492EDD}.Release|Any CPU.Build.0 = Release|Any CPU
	EndGlobalSection
	GlobalSection(SolutionProperties) = preSolution
		HideSolutionNode = FALSE
	EndGlobalSection
	GlobalSection(ExtensibilityGlobals) = postSolution
		SolutionGuid = {12F6F99D-C8FB-4978-9668-F97B869109DC}
	EndGlobalSection
EndGlobal
