
Microsoft Visual Studio Solution File, Format Version 12.00
# Visual Studio Version 16
VisualStudioVersion = 16.0.32413.511
MinimumVisualStudioVersion = 10.0.40219.1
Project("{FAE04EC0-301F-11D3-BF4B-00C04F79EFBC}") = "DateTime Submission", "DateTime Submission.csproj", "{9B8B4CBC-032E-41CF-8C6A-1435B36DEC47}"
EndProject
Global
	GlobalSection(SolutionConfigurationPlatforms) = preSolution
		Debug|Any CPU = Debug|Any CPU
		Release|Any CPU = Release|Any CPU
	EndGlobalSection
	GlobalSection(ProjectConfigurationPlatforms) = postSolution
		{9B8B4CBC-032E-41CF-8C6A-1435B36DEC47}.Debug|Any CPU.ActiveCfg = Debug|Any CPU
		{9B8B4CBC-032E-41CF-8C6A-1435B36DEC47}.Debug|Any CPU.Build.0 = Debug|Any CPU
		{9B8B4CBC-032E-41CF-8C6A-1435B36DEC47}.Release|Any CPU.ActiveCfg = Release|Any CPU
		{9B8B4CBC-032E-41CF-8C6A-1435B36DEC47}.Release|Any CPU.Build.0 = Release|Any CPU
	EndGlobalSection
	GlobalSection(SolutionProperties) = preSolution
		HideSolutionNode = FALSE
	EndGlobalSection
	GlobalSection(ExtensibilityGlobals) = postSolution
		SolutionGuid = {C51E0774-786A-44DE-9104-9A59566899D8}
	EndGlobalSection
EndGlobal
