
Microsoft Visual Studio Solution File, Format Version 12.00
# Visual Studio Version 16
VisualStudioVersion = 16.0.32413.511
MinimumVisualStudioVersion = 10.0.40219.1
Project("{FAE04EC0-301F-11D3-BF4B-00C04F79EFBC}") = "IterateArrayAssignment", "IterateArrayAssignment.csproj", "{9DA391EA-BB21-4E90-A0A2-77FFFB1B4599}"
EndProject
Global
	GlobalSection(SolutionConfigurationPlatforms) = preSolution
		Debug|Any CPU = Debug|Any CPU
		Release|Any CPU = Release|Any CPU
	EndGlobalSection
	GlobalSection(ProjectConfigurationPlatforms) = postSolution
		{9DA391EA-BB21-4E90-A0A2-77FFFB1B4599}.Debug|Any CPU.ActiveCfg = Debug|Any CPU
		{9DA391EA-BB21-4E90-A0A2-77FFFB1B4599}.Debug|Any CPU.Build.0 = Debug|Any CPU
		{9DA391EA-BB21-4E90-A0A2-77FFFB1B4599}.Release|Any CPU.ActiveCfg = Release|Any CPU
		{9DA391EA-BB21-4E90-A0A2-77FFFB1B4599}.Release|Any CPU.Build.0 = Release|Any CPU
	EndGlobalSection
	GlobalSection(SolutionProperties) = preSolution
		HideSolutionNode = FALSE
	EndGlobalSection
	GlobalSection(ExtensibilityGlobals) = postSolution
		SolutionGuid = {09532411-C15D-432D-8832-8B40C2290806}
	EndGlobalSection
EndGlobal
