
Microsoft Visual Studio Solution File, Format Version 12.00
# Visual Studio Version 16
VisualStudioVersion = 16.0.32413.511
MinimumVisualStudioVersion = 10.0.40219.1
Project("{FAE04EC0-301F-11D3-BF4B-00C04F79EFBC}") = "ShippingQuoteApp", "ShippingQuoteApp.csproj", "{FBB9740B-43BA-417A-8B1E-E3603853FD00}"
EndProject
Global
	GlobalSection(SolutionConfigurationPlatforms) = preSolution
		Debug|Any CPU = Debug|Any CPU
		Release|Any CPU = Release|Any CPU
	EndGlobalSection
	GlobalSection(ProjectConfigurationPlatforms) = postSolution
		{FBB9740B-43BA-417A-8B1E-E3603853FD00}.Debug|Any CPU.ActiveCfg = Debug|Any CPU
		{FBB9740B-43BA-417A-8B1E-E3603853FD00}.Debug|Any CPU.Build.0 = Debug|Any CPU
		{FBB9740B-43BA-417A-8B1E-E3603853FD00}.Release|Any CPU.ActiveCfg = Release|Any CPU
		{FBB9740B-43BA-417A-8B1E-E3603853FD00}.Release|Any CPU.Build.0 = Release|Any CPU
	EndGlobalSection
	GlobalSection(SolutionProperties) = preSolution
		HideSolutionNode = FALSE
	EndGlobalSection
	GlobalSection(ExtensibilityGlobals) = postSolution
		SolutionGuid = {525FF2F3-D985-4E63-A965-89FC701FBE80}
	EndGlobalSection
EndGlobal
