
Microsoft Visual Studio Solution File, Format Version 12.00
# Visual Studio Version 16
VisualStudioVersion = 16.0.32413.511
MinimumVisualStudioVersion = 10.0.40219.1
Project("{FAE04EC0-301F-11D3-BF4B-00C04F79EFBC}") = "DailyReport", "DailyReport.csproj", "{FEF82627-7B0A-4FC1-806F-B3AD9EE6179E}"
EndProject
Global
	GlobalSection(SolutionConfigurationPlatforms) = preSolution
		Debug|Any CPU = Debug|Any CPU
		Release|Any CPU = Release|Any CPU
	EndGlobalSection
	GlobalSection(ProjectConfigurationPlatforms) = postSolution
		{FEF82627-7B0A-4FC1-806F-B3AD9EE6179E}.Debug|Any CPU.ActiveCfg = Debug|Any CPU
		{FEF82627-7B0A-4FC1-806F-B3AD9EE6179E}.Debug|Any CPU.Build.0 = Debug|Any CPU
		{FEF82627-7B0A-4FC1-806F-B3AD9EE6179E}.Release|Any CPU.ActiveCfg = Release|Any CPU
		{FEF82627-7B0A-4FC1-806F-B3AD9EE6179E}.Release|Any CPU.Build.0 = Release|Any CPU
	EndGlobalSection
	GlobalSection(SolutionProperties) = preSolution
		HideSolutionNode = FALSE
	EndGlobalSection
	GlobalSection(ExtensibilityGlobals) = postSolution
		SolutionGuid = {D261DD2E-017D-4575-8C60-4F1428067628}
	EndGlobalSection
EndGlobal
