
Microsoft Visual Studio Solution File, Format Version 12.00
# Visual Studio Version 16
VisualStudioVersion = 16.0.32413.511
MinimumVisualStudioVersion = 10.0.40219.1
Project("{FAE04EC0-301F-11D3-BF4B-00C04F79EFBC}") = "myConsoleProject.cs", "myConsoleProject.cs.csproj", "{20AFB750-DE2A-4519-920B-8036F43C28EE}"
EndProject
Global
	GlobalSection(SolutionConfigurationPlatforms) = preSolution
		Debug|Any CPU = Debug|Any CPU
		Release|Any CPU = Release|Any CPU
	EndGlobalSection
	GlobalSection(ProjectConfigurationPlatforms) = postSolution
		{20AFB750-DE2A-4519-920B-8036F43C28EE}.Debug|Any CPU.ActiveCfg = Debug|Any CPU
		{20AFB750-DE2A-4519-920B-8036F43C28EE}.Debug|Any CPU.Build.0 = Debug|Any CPU
		{20AFB750-DE2A-4519-920B-8036F43C28EE}.Release|Any CPU.ActiveCfg = Release|Any CPU
		{20AFB750-DE2A-4519-920B-8036F43C28EE}.Release|Any CPU.Build.0 = Release|Any CPU
	EndGlobalSection
	GlobalSection(SolutionProperties) = preSolution
		HideSolutionNode = FALSE
	EndGlobalSection
	GlobalSection(ExtensibilityGlobals) = postSolution
		SolutionGuid = {B884C269-F67F-4D4E-AADA-4F50B6C02D41}
	EndGlobalSection
EndGlobal
