
Microsoft Visual Studio Solution File, Format Version 12.00
# Visual Studio Version 16
VisualStudioVersion = 16.0.32413.511
MinimumVisualStudioVersion = 10.0.40219.1
Project("{FAE04EC0-301F-11D3-BF4B-00C04F79EFBC}") = "ParseEnumSubmission", "ParseEnumSubmission.csproj", "{844882F4-C298-4128-ABC8-B830255C6819}"
EndProject
Global
	GlobalSection(SolutionConfigurationPlatforms) = preSolution
		Debug|Any CPU = Debug|Any CPU
		Release|Any CPU = Release|Any CPU
	EndGlobalSection
	GlobalSection(ProjectConfigurationPlatforms) = postSolution
		{844882F4-C298-4128-ABC8-B830255C6819}.Debug|Any CPU.ActiveCfg = Debug|Any CPU
		{844882F4-C298-4128-ABC8-B830255C6819}.Debug|Any CPU.Build.0 = Debug|Any CPU
		{844882F4-C298-4128-ABC8-B830255C6819}.Release|Any CPU.ActiveCfg = Release|Any CPU
		{844882F4-C298-4128-ABC8-B830255C6819}.Release|Any CPU.Build.0 = Release|Any CPU
	EndGlobalSection
	GlobalSection(SolutionProperties) = preSolution
		HideSolutionNode = FALSE
	EndGlobalSection
	GlobalSection(ExtensibilityGlobals) = postSolution
		SolutionGuid = {C1EB74FB-2309-49B3-A95C-06DD8AA21950}
	EndGlobalSection
EndGlobal
